{
  "version": 4,
  "terraform_version": "1.14.6",
  "serial": 46,
  "lineage": "bab67cc2-9a54-a8bf-2554-d0b5d93c0ca6",
  "outputs": {},
  "resources": [
    {
      "module": "module.azurerm_public_ip",
      "mode": "managed",
      "type": "azurerm_public_ip",
      "name": "public_ip",
      "provider": "provider[\"registry.terraform.io/hashicorp/azurerm\"]",
      "instances": [
        {
          "index_key": "public_ip1",
          "schema_version": 0,
          "attributes": {
            "allocation_method": "Static",
            "ddos_protection_mode": "VirtualNetworkInherited",
            "ddos_protection_plan_id": null,
            "domain_name_label": "",
            "domain_name_label_scope": "",
            "edge_zone": "",
            "fqdn": "",
            "id": "/subscriptions/8a96a49d-4d28-400c-8a20-d67096e4748a/resourceGroups/dolly-rg/providers/Microsoft.Network/publicIPAddresses/public_ip01",
            "idle_timeout_in_minutes": 4,
            "ip_address": "20.46.121.59",
            "ip_tags": null,
            "ip_version": "IPv4",
            "location": "japaneast",
            "name": "public_ip01",
            "public_ip_prefix_id": null,
            "resource_group_name": "dolly-rg",
            "reverse_fqdn": "",
            "sku": "Standard",
            "sku_tier": "Regional",
            "tags": null,
            "timeouts": null,
            "zones": null
          },
          "sensitive_attributes": [],
          "identity_schema_version": 0,
          "identity": {
            "name": "public_ip01",
            "resource_group_name": "dolly-rg",
            "subscription_id": "8a96a49d-4d28-400c-8a20-d67096e4748a"
          },
          "private": "eyJlMmJmYjczMC1lY2FhLTExZTYtOGY4OC0zNDM2M2JjN2M0YzAiOnsiY3JlYXRlIjoxODAwMDAwMDAwMDAwLCJkZWxldGUiOjE4MDAwMDAwMDAwMDAsInJlYWQiOjMwMDAwMDAwMDAwMCwidXBkYXRlIjoxODAwMDAwMDAwMDAwfX0=",
          "dependencies": [
            "module.azurerm_resource_group.azurerm_resource_group.rg"
          ]
        },
        {
          "index_key": "public_ip2",
          "schema_version": 0,
          "attributes": {
            "allocation_method": "Static",
            "ddos_protection_mode": "VirtualNetworkInherited",
            "ddos_protection_plan_id": null,
            "domain_name_label": "",
            "domain_name_label_scope": "",
            "edge_zone": "",
            "fqdn": "",
            "id": "/subscriptions/8a96a49d-4d28-400c-8a20-d67096e4748a/resourceGroups/dolly-rg/providers/Microsoft.Network/publicIPAddresses/public_ip02",
            "idle_timeout_in_minutes": 4,
            "ip_address": "13.78.10.71",
            "ip_tags": null,
            "ip_version": "IPv4",
            "location": "japaneast",
            "name": "public_ip02",
            "public_ip_prefix_id": null,
            "resource_group_name": "dolly-rg",
            "reverse_fqdn": "",
            "sku": "Standard",
            "sku_tier": "Regional",
            "tags": null,
            "timeouts": null,
            "zones": null
          },
          "sensitive_attributes": [],
          "identity_schema_version": 0,
          "identity": {
            "name": "public_ip02",
            "resource_group_name": "dolly-rg",
            "subscription_id": "8a96a49d-4d28-400c-8a20-d67096e4748a"
          },
          "private": "eyJlMmJmYjczMC1lY2FhLTExZTYtOGY4OC0zNDM2M2JjN2M0YzAiOnsiY3JlYXRlIjoxODAwMDAwMDAwMDAwLCJkZWxldGUiOjE4MDAwMDAwMDAwMDAsInJlYWQiOjMwMDAwMDAwMDAwMCwidXBkYXRlIjoxODAwMDAwMDAwMDAwfX0=",
          "dependencies": [
            "module.azurerm_resource_group.azurerm_resource_group.rg"
          ]
        }
      ]
    },
    {
      "module": "module.azurerm_resource_group",
      "mode": "managed",
      "type": "azurerm_resource_group",
      "name": "rg",
      "provider": "provider[\"registry.terraform.io/hashicorp/azurerm\"]",
      "instances": [
        {
          "index_key": "rg1",
          "schema_version": 0,
          "attributes": {
            "id": "/subscriptions/8a96a49d-4d28-400c-8a20-d67096e4748a/resourceGroups/dolly-rg",
            "location": "japaneast",
            "managed_by": "",
            "name": "dolly-rg",
            "tags": null,
            "timeouts": null
          },
          "sensitive_attributes": [],
          "identity_schema_version": 0,
          "identity": {
            "name": "dolly-rg",
            "subscription_id": "8a96a49d-4d28-400c-8a20-d67096e4748a"
          },
          "private": "eyJlMmJmYjczMC1lY2FhLTExZTYtOGY4OC0zNDM2M2JjN2M0YzAiOnsiY3JlYXRlIjo1NDAwMDAwMDAwMDAwLCJkZWxldGUiOjU0MDAwMDAwMDAwMDAsInJlYWQiOjMwMDAwMDAwMDAwMCwidXBkYXRlIjo1NDAwMDAwMDAwMDAwfX0="
        }
      ]
    },
    {
      "module": "module.azurerm_subnet",
      "mode": "managed",
      "type": "azurerm_subnet",
      "name": "subnet",
      "provider": "provider[\"registry.terraform.io/hashicorp/azurerm\"]",
      "instances": [
        {
          "index_key": "subnet1",
          "schema_version": 0,
          "attributes": {
            "address_prefixes": [
              "10.0.1.0/24"
            ],
            "default_outbound_access_enabled": true,
            "delegation": [],
            "id": "/subscriptions/8a96a49d-4d28-400c-8a20-d67096e4748a/resourceGroups/dolly-rg/providers/Microsoft.Network/virtualNetworks/vnet01/subnets/subnet01",
            "ip_address_pool": [],
            "name": "subnet01",
            "private_endpoint_network_policies": "Disabled",
            "private_link_service_network_policies_enabled": true,
            "resource_group_name": "dolly-rg",
            "service_endpoint_policy_ids": null,
            "service_endpoints": null,
            "sharing_scope": "",
            "timeouts": null,
            "virtual_network_name": "vnet01"
          },
          "sensitive_attributes": [],
          "identity_schema_version": 0,
          "identity": {
            "name": "subnet01",
            "resource_group_name": "dolly-rg",
            "subscription_id": "8a96a49d-4d28-400c-8a20-d67096e4748a",
            "virtual_network_name": "vnet01"
          },
          "private": "eyJlMmJmYjczMC1lY2FhLTExZTYtOGY4OC0zNDM2M2JjN2M0YzAiOnsiY3JlYXRlIjoxODAwMDAwMDAwMDAwLCJkZWxldGUiOjE4MDAwMDAwMDAwMDAsInJlYWQiOjMwMDAwMDAwMDAwMCwidXBkYXRlIjoxODAwMDAwMDAwMDAwfX0=",
          "dependencies": [
            "module.azurerm_resource_group.azurerm_resource_group.rg",
            "module.azurerm_virtual_network.azurerm_virtual_network.vnet"
          ]
        },
        {
          "index_key": "subnet2",
          "schema_version": 0,
          "attributes": {
            "address_prefixes": [
              "10.0.2.0/24"
            ],
            "default_outbound_access_enabled": true,
            "delegation": [],
            "id": "/subscriptions/8a96a49d-4d28-400c-8a20-d67096e4748a/resourceGroups/dolly-rg/providers/Microsoft.Network/virtualNetworks/vnet01/subnets/subnet02",
            "ip_address_pool": [],
            "name": "subnet02",
            "private_endpoint_network_policies": "Disabled",
            "private_link_service_network_policies_enabled": true,
            "resource_group_name": "dolly-rg",
            "service_endpoint_policy_ids": null,
            "service_endpoints": null,
            "sharing_scope": "",
            "timeouts": null,
            "virtual_network_name": "vnet01"
          },
          "sensitive_attributes": [],
          "identity_schema_version": 0,
          "identity": {
            "name": "subnet02",
            "resource_group_name": "dolly-rg",
            "subscription_id": "8a96a49d-4d28-400c-8a20-d67096e4748a",
            "virtual_network_name": "vnet01"
          },
          "private": "eyJlMmJmYjczMC1lY2FhLTExZTYtOGY4OC0zNDM2M2JjN2M0YzAiOnsiY3JlYXRlIjoxODAwMDAwMDAwMDAwLCJkZWxldGUiOjE4MDAwMDAwMDAwMDAsInJlYWQiOjMwMDAwMDAwMDAwMCwidXBkYXRlIjoxODAwMDAwMDAwMDAwfX0=",
          "dependencies": [
            "module.azurerm_resource_group.azurerm_resource_group.rg",
            "module.azurerm_virtual_network.azurerm_virtual_network.vnet"
          ]
        }
      ]
    },
    {
      "module": "module.azurerm_virtual_machine",
      "mode": "data",
      "type": "azurerm_public_ip",
      "name": "public_ip",
      "provider": "provider[\"registry.terraform.io/hashicorp/azurerm\"]",
      "instances": [
        {
          "index_key": "vm1",
          "schema_version": 0,
          "attributes": {
            "allocation_method": "Static",
            "ddos_protection_mode": "VirtualNetworkInherited",
            "ddos_protection_plan_id": null,
            "domain_name_label": "",
            "fqdn": "",
            "id": "/subscriptions/8a96a49d-4d28-400c-8a20-d67096e4748a/resourceGroups/dolly-rg/providers/Microsoft.Network/publicIPAddresses/public_ip01",
            "idle_timeout_in_minutes": 4,
            "ip_address": "20.46.121.59",
            "ip_tags": {},
            "ip_version": "IPv4",
            "location": "japaneast",
            "name": "public_ip01",
            "resource_group_name": "dolly-rg",
            "reverse_fqdn": "",
            "sku": "Standard",
            "tags": {},
            "timeouts": null,
            "zones": []
          },
          "sensitive_attributes": [],
          "identity_schema_version": 0
        },
        {
          "index_key": "vm2",
          "schema_version": 0,
          "attributes": {
            "allocation_method": "Static",
            "ddos_protection_mode": "VirtualNetworkInherited",
            "ddos_protection_plan_id": null,
            "domain_name_label": "",
            "fqdn": "",
            "id": "/subscriptions/8a96a49d-4d28-400c-8a20-d67096e4748a/resourceGroups/dolly-rg/providers/Microsoft.Network/publicIPAddresses/public_ip02",
            "idle_timeout_in_minutes": 4,
            "ip_address": "13.78.10.71",
            "ip_tags": {},
            "ip_version": "IPv4",
            "location": "japaneast",
            "name": "public_ip02",
            "resource_group_name": "dolly-rg",
            "reverse_fqdn": "",
            "sku": "Standard",
            "tags": {},
            "timeouts": null,
            "zones": []
          },
          "sensitive_attributes": [],
          "identity_schema_version": 0
        }
      ]
    },
    {
      "module": "module.azurerm_virtual_machine",
      "mode": "data",
      "type": "azurerm_subnet",
      "name": "subnet",
      "provider": "provider[\"registry.terraform.io/hashicorp/azurerm\"]",
      "instances": [
        {
          "index_key": "vm1",
          "schema_version": 0,
          "attributes": {
            "address_prefix": "10.0.1.0/24",
            "address_prefixes": [
              "10.0.1.0/24"
            ],
            "default_outbound_access_enabled": true,
            "id": "/subscriptions/8a96a49d-4d28-400c-8a20-d67096e4748a/resourceGroups/dolly-rg/providers/Microsoft.Network/virtualNetworks/vnet01/subnets/subnet01",
            "name": "subnet01",
            "network_security_group_id": "",
            "private_endpoint_network_policies": "Disabled",
            "private_link_service_network_policies_enabled": true,
            "resource_group_name": "dolly-rg",
            "route_table_id": "",
            "service_endpoints": [],
            "timeouts": null,
            "virtual_network_name": "vnet01"
          },
          "sensitive_attributes": [],
          "identity_schema_version": 0
        },
        {
          "index_key": "vm2",
          "schema_version": 0,
          "attributes": {
            "address_prefix": "10.0.2.0/24",
            "address_prefixes": [
              "10.0.2.0/24"
            ],
            "default_outbound_access_enabled": true,
            "id": "/subscriptions/8a96a49d-4d28-400c-8a20-d67096e4748a/resourceGroups/dolly-rg/providers/Microsoft.Network/virtualNetworks/vnet01/subnets/subnet02",
            "name": "subnet02",
            "network_security_group_id": "",
            "private_endpoint_network_policies": "Disabled",
            "private_link_service_network_policies_enabled": true,
            "resource_group_name": "dolly-rg",
            "route_table_id": "",
            "service_endpoints": [],
            "timeouts": null,
            "virtual_network_name": "vnet01"
          },
          "sensitive_attributes": [],
          "identity_schema_version": 0
        }
      ]
    },
    {
      "module": "module.azurerm_virtual_machine",
      "mode": "managed",
      "type": "azurerm_linux_virtual_machine",
      "name": "vm",
      "provider": "provider[\"registry.terraform.io/hashicorp/azurerm\"]",
      "instances": [
        {
          "index_key": "vm1",
          "schema_version": 0,
          "attributes": {
            "additional_capabilities": [],
            "admin_password": "vikash@1234567",
            "admin_ssh_key": [],
            "admin_username": "vks01",
            "allow_extension_operations": true,
            "availability_set_id": "",
            "boot_diagnostics": [],
            "bypass_platform_safety_checks_on_user_schedule_enabled": false,
            "capacity_reservation_group_id": "",
            "computer_name": "vm01",
            "custom_data": null,
            "dedicated_host_group_id": "",
            "dedicated_host_id": "",
            "disable_password_authentication": false,
            "disk_controller_type": "SCSI",
            "edge_zone": "",
            "encryption_at_host_enabled": false,
            "eviction_policy": "",
            "extensions_time_budget": "PT1H30M",
            "gallery_application": [],
            "id": "/subscriptions/8a96a49d-4d28-400c-8a20-d67096e4748a/resourceGroups/dolly-rg/providers/Microsoft.Compute/virtualMachines/vm01",
            "identity": [],
            "license_type": "",
            "location": "japaneast",
            "max_bid_price": -1,
            "name": "vm01",
            "network_interface_ids": [
              "/subscriptions/8a96a49d-4d28-400c-8a20-d67096e4748a/resourceGroups/dolly-rg/providers/Microsoft.Network/networkInterfaces/vm_nic01"
            ],
            "os_disk": [
              {
                "caching": "ReadWrite",
                "diff_disk_settings": [],
                "disk_encryption_set_id": "",
                "disk_size_gb": 30,
                "id": "/subscriptions/8a96a49d-4d28-400c-8a20-d67096e4748a/resourceGroups/dolly-rg/providers/Microsoft.Compute/disks/vm01_disk1_3875686c02444f1dbc50e5f45edea316",
                "name": "vm01_disk1_3875686c02444f1dbc50e5f45edea316",
                "secure_vm_disk_encryption_set_id": "",
                "security_encryption_type": "",
                "storage_account_type": "Standard_LRS",
                "write_accelerator_enabled": false
              }
            ],
            "os_image_notification": [],
            "os_managed_disk_id": "/subscriptions/8a96a49d-4d28-400c-8a20-d67096e4748a/resourceGroups/dolly-rg/providers/Microsoft.Compute/disks/vm01_disk1_3875686c02444f1dbc50e5f45edea316",
            "patch_assessment_mode": "ImageDefault",
            "patch_mode": "ImageDefault",
            "plan": [],
            "platform_fault_domain": -1,
            "priority": "Regular",
            "private_ip_address": "10.0.1.4",
            "private_ip_addresses": [
              "10.0.1.4"
            ],
            "provision_vm_agent": true,
            "proximity_placement_group_id": "",
            "public_ip_address": "20.46.121.59",
            "public_ip_addresses": [
              "20.46.121.59"
            ],
            "reboot_setting": "",
            "resource_group_name": "dolly-rg",
            "secret": [],
            "secure_boot_enabled": false,
            "size": "Standard_D2s_v3",
            "source_image_id": "",
            "source_image_reference": [
              {
                "offer": "ubuntu-24_04-lts",
                "publisher": "Canonical",
                "sku": "server",
                "version": "latest"
              }
            ],
            "tags": null,
            "termination_notification": null,
            "timeouts": null,
            "user_data": "",
            "virtual_machine_id": "5f0cc875-bc87-42b6-8d2c-c3a7c3b4ae73",
            "virtual_machine_scale_set_id": "",
            "vm_agent_platform_updates_enabled": false,
            "vtpm_enabled": false,
            "zone": ""
          },
          "sensitive_attributes": [
            [
              {
                "type": "get_attr",
                "value": "admin_password"
              }
            ],
            [
              {
                "type": "get_attr",
                "value": "custom_data"
              }
            ]
          ],
          "identity_schema_version": 0,
          "private": "eyJlMmJmYjczMC1lY2FhLTExZTYtOGY4OC0zNDM2M2JjN2M0YzAiOnsiY3JlYXRlIjoyNzAwMDAwMDAwMDAwLCJkZWxldGUiOjI3MDAwMDAwMDAwMDAsInJlYWQiOjMwMDAwMDAwMDAwMCwidXBkYXRlIjoyNzAwMDAwMDAwMDAwfX0=",
          "dependencies": [
            "module.azurerm_public_ip.azurerm_public_ip.public_ip",
            "module.azurerm_resource_group.azurerm_resource_group.rg",
            "module.azurerm_subnet.azurerm_subnet.subnet",
            "module.azurerm_virtual_machine.azurerm_network_interface.nic",
            "module.azurerm_virtual_machine.data.azurerm_public_ip.public_ip",
            "module.azurerm_virtual_machine.data.azurerm_subnet.subnet",
            "module.azurerm_virtual_network.azurerm_virtual_network.vnet"
          ]
        },
        {
          "index_key": "vm2",
          "schema_version": 0,
          "attributes": {
            "additional_capabilities": [],
            "admin_password": "vikash@1234567",
            "admin_ssh_key": [],
            "admin_username": "vks02",
            "allow_extension_operations": true,
            "availability_set_id": "",
            "boot_diagnostics": [],
            "bypass_platform_safety_checks_on_user_schedule_enabled": false,
            "capacity_reservation_group_id": "",
            "computer_name": "vm02",
            "custom_data": null,
            "dedicated_host_group_id": "",
            "dedicated_host_id": "",
            "disable_password_authentication": false,
            "disk_controller_type": "SCSI",
            "edge_zone": "",
            "encryption_at_host_enabled": false,
            "eviction_policy": "",
            "extensions_time_budget": "PT1H30M",
            "gallery_application": [],
            "id": "/subscriptions/8a96a49d-4d28-400c-8a20-d67096e4748a/resourceGroups/dolly-rg/providers/Microsoft.Compute/virtualMachines/vm02",
            "identity": [],
            "license_type": "",
            "location": "japaneast",
            "max_bid_price": -1,
            "name": "vm02",
            "network_interface_ids": [
              "/subscriptions/8a96a49d-4d28-400c-8a20-d67096e4748a/resourceGroups/dolly-rg/providers/Microsoft.Network/networkInterfaces/vm_nic02"
            ],
            "os_disk": [
              {
                "caching": "ReadWrite",
                "diff_disk_settings": [],
                "disk_encryption_set_id": "",
                "disk_size_gb": 30,
                "id": "/subscriptions/8a96a49d-4d28-400c-8a20-d67096e4748a/resourceGroups/dolly-rg/providers/Microsoft.Compute/disks/vm02_disk1_8642989146aa4784a174d5f35e415ee8",
                "name": "vm02_disk1_8642989146aa4784a174d5f35e415ee8",
                "secure_vm_disk_encryption_set_id": "",
                "security_encryption_type": "",
                "storage_account_type": "Standard_LRS",
                "write_accelerator_enabled": false
              }
            ],
            "os_image_notification": [],
            "os_managed_disk_id": "/subscriptions/8a96a49d-4d28-400c-8a20-d67096e4748a/resourceGroups/dolly-rg/providers/Microsoft.Compute/disks/vm02_disk1_8642989146aa4784a174d5f35e415ee8",
            "patch_assessment_mode": "ImageDefault",
            "patch_mode": "ImageDefault",
            "plan": [],
            "platform_fault_domain": -1,
            "priority": "Regular",
            "private_ip_address": "10.0.2.4",
            "private_ip_addresses": [
              "10.0.2.4"
            ],
            "provision_vm_agent": true,
            "proximity_placement_group_id": "",
            "public_ip_address": "13.78.10.71",
            "public_ip_addresses": [
              "13.78.10.71"
            ],
            "reboot_setting": "",
            "resource_group_name": "dolly-rg",
            "secret": [],
            "secure_boot_enabled": false,
            "size": "Standard_D2s_v3",
            "source_image_id": "",
            "source_image_reference": [
              {
                "offer": "ubuntu-24_04-lts",
                "publisher": "Canonical",
                "sku": "server",
                "version": "latest"
              }
            ],
            "tags": null,
            "termination_notification": null,
            "timeouts": null,
            "user_data": "",
            "virtual_machine_id": "1ae43b57-0c0c-4fc0-9b11-c0ab48378bc1",
            "virtual_machine_scale_set_id": "",
            "vm_agent_platform_updates_enabled": false,
            "vtpm_enabled": false,
            "zone": ""
          },
          "sensitive_attributes": [
            [
              {
                "type": "get_attr",
                "value": "admin_password"
              }
            ],
            [
              {
                "type": "get_attr",
                "value": "custom_data"
              }
            ]
          ],
          "identity_schema_version": 0,
          "private": "eyJlMmJmYjczMC1lY2FhLTExZTYtOGY4OC0zNDM2M2JjN2M0YzAiOnsiY3JlYXRlIjoyNzAwMDAwMDAwMDAwLCJkZWxldGUiOjI3MDAwMDAwMDAwMDAsInJlYWQiOjMwMDAwMDAwMDAwMCwidXBkYXRlIjoyNzAwMDAwMDAwMDAwfX0=",
          "dependencies": [
            "module.azurerm_public_ip.azurerm_public_ip.public_ip",
            "module.azurerm_resource_group.azurerm_resource_group.rg",
            "module.azurerm_subnet.azurerm_subnet.subnet",
            "module.azurerm_virtual_machine.azurerm_network_interface.nic",
            "module.azurerm_virtual_machine.data.azurerm_public_ip.public_ip",
            "module.azurerm_virtual_machine.data.azurerm_subnet.subnet",
            "module.azurerm_virtual_network.azurerm_virtual_network.vnet"
          ]
        }
      ]
    },
    {
      "module": "module.azurerm_virtual_machine",
      "mode": "managed",
      "type": "azurerm_network_interface",
      "name": "nic",
      "provider": "provider[\"registry.terraform.io/hashicorp/azurerm\"]",
      "instances": [
        {
          "index_key": "vm1",
          "schema_version": 0,
          "attributes": {
            "accelerated_networking_enabled": false,
            "applied_dns_servers": [],
            "auxiliary_mode": "",
            "auxiliary_sku": "",
            "dns_servers": null,
            "edge_zone": "",
            "id": "/subscriptions/8a96a49d-4d28-400c-8a20-d67096e4748a/resourceGroups/dolly-rg/providers/Microsoft.Network/networkInterfaces/vm_nic01",
            "internal_dns_name_label": "",
            "internal_domain_name_suffix": "pyzhge0rakaepkuplqet2agejh.lx.internal.cloudapp.net",
            "ip_configuration": [
              {
                "gateway_load_balancer_frontend_ip_configuration_id": "",
                "name": "internal",
                "primary": true,
                "private_ip_address": "10.0.1.4",
                "private_ip_address_allocation": "Dynamic",
                "private_ip_address_version": "IPv4",
                "public_ip_address_id": "/subscriptions/8a96a49d-4d28-400c-8a20-d67096e4748a/resourceGroups/dolly-rg/providers/Microsoft.Network/publicIPAddresses/public_ip01",
                "subnet_id": "/subscriptions/8a96a49d-4d28-400c-8a20-d67096e4748a/resourceGroups/dolly-rg/providers/Microsoft.Network/virtualNetworks/vnet01/subnets/subnet01"
              }
            ],
            "ip_forwarding_enabled": false,
            "location": "japaneast",
            "mac_address": "",
            "name": "vm_nic01",
            "private_ip_address": "10.0.1.4",
            "private_ip_addresses": [
              "10.0.1.4"
            ],
            "resource_group_name": "dolly-rg",
            "tags": null,
            "timeouts": null,
            "virtual_machine_id": ""
          },
          "sensitive_attributes": [],
          "identity_schema_version": 0,
          "identity": {
            "name": "vm_nic01",
            "resource_group_name": "dolly-rg",
            "subscription_id": "8a96a49d-4d28-400c-8a20-d67096e4748a"
          },
          "private": "eyJlMmJmYjczMC1lY2FhLTExZTYtOGY4OC0zNDM2M2JjN2M0YzAiOnsiY3JlYXRlIjoxODAwMDAwMDAwMDAwLCJkZWxldGUiOjE4MDAwMDAwMDAwMDAsInJlYWQiOjMwMDAwMDAwMDAwMCwidXBkYXRlIjoxODAwMDAwMDAwMDAwfX0=",
          "dependencies": [
            "module.azurerm_public_ip.azurerm_public_ip.public_ip",
            "module.azurerm_resource_group.azurerm_resource_group.rg",
            "module.azurerm_subnet.azurerm_subnet.subnet",
            "module.azurerm_virtual_machine.data.azurerm_public_ip.public_ip",
            "module.azurerm_virtual_machine.data.azurerm_subnet.subnet",
            "module.azurerm_virtual_network.azurerm_virtual_network.vnet"
          ]
        },
        {
          "index_key": "vm2",
          "schema_version": 0,
          "attributes": {
            "accelerated_networking_enabled": false,
            "applied_dns_servers": [],
            "auxiliary_mode": "",
            "auxiliary_sku": "",
            "dns_servers": null,
            "edge_zone": "",
            "id": "/subscriptions/8a96a49d-4d28-400c-8a20-d67096e4748a/resourceGroups/dolly-rg/providers/Microsoft.Network/networkInterfaces/vm_nic02",
            "internal_dns_name_label": "",
            "internal_domain_name_suffix": "pyzhge0rakaepkuplqet2agejh.lx.internal.cloudapp.net",
            "ip_configuration": [
              {
                "gateway_load_balancer_frontend_ip_configuration_id": "",
                "name": "internal",
                "primary": true,
                "private_ip_address": "10.0.2.4",
                "private_ip_address_allocation": "Dynamic",
                "private_ip_address_version": "IPv4",
                "public_ip_address_id": "/subscriptions/8a96a49d-4d28-400c-8a20-d67096e4748a/resourceGroups/dolly-rg/providers/Microsoft.Network/publicIPAddresses/public_ip02",
                "subnet_id": "/subscriptions/8a96a49d-4d28-400c-8a20-d67096e4748a/resourceGroups/dolly-rg/providers/Microsoft.Network/virtualNetworks/vnet01/subnets/subnet02"
              }
            ],
            "ip_forwarding_enabled": false,
            "location": "japaneast",
            "mac_address": "",
            "name": "vm_nic02",
            "private_ip_address": "10.0.2.4",
            "private_ip_addresses": [
              "10.0.2.4"
            ],
            "resource_group_name": "dolly-rg",
            "tags": null,
            "timeouts": null,
            "virtual_machine_id": ""
          },
          "sensitive_attributes": [],
          "identity_schema_version": 0,
          "identity": {
            "name": "vm_nic02",
            "resource_group_name": "dolly-rg",
            "subscription_id": "8a96a49d-4d28-400c-8a20-d67096e4748a"
          },
          "private": "eyJlMmJmYjczMC1lY2FhLTExZTYtOGY4OC0zNDM2M2JjN2M0YzAiOnsiY3JlYXRlIjoxODAwMDAwMDAwMDAwLCJkZWxldGUiOjE4MDAwMDAwMDAwMDAsInJlYWQiOjMwMDAwMDAwMDAwMCwidXBkYXRlIjoxODAwMDAwMDAwMDAwfX0=",
          "dependencies": [
            "module.azurerm_public_ip.azurerm_public_ip.public_ip",
            "module.azurerm_resource_group.azurerm_resource_group.rg",
            "module.azurerm_subnet.azurerm_subnet.subnet",
            "module.azurerm_virtual_machine.data.azurerm_public_ip.public_ip",
            "module.azurerm_virtual_machine.data.azurerm_subnet.subnet",
            "module.azurerm_virtual_network.azurerm_virtual_network.vnet"
          ]
        }
      ]
    },
    {
      "module": "module.azurerm_virtual_network",
      "mode": "managed",
      "type": "azurerm_virtual_network",
      "name": "vnet",
      "provider": "provider[\"registry.terraform.io/hashicorp/azurerm\"]",
      "instances": [
        {
          "index_key": "vnet1",
          "schema_version": 0,
          "attributes": {
            "address_space": [
              "10.0.0.0/16"
            ],
            "bgp_community": "",
            "ddos_protection_plan": [],
            "dns_servers": [],
            "edge_zone": "",
            "encryption": [],
            "flow_timeout_in_minutes": 0,
            "guid": "1373327e-0251-4780-aa8f-5c093e00c44f",
            "id": "/subscriptions/8a96a49d-4d28-400c-8a20-d67096e4748a/resourceGroups/dolly-rg/providers/Microsoft.Network/virtualNetworks/vnet01",
            "ip_address_pool": [],
            "location": "japaneast",
            "name": "vnet01",
            "private_endpoint_vnet_policies": "Disabled",
            "resource_group_name": "dolly-rg",
            "subnet": [],
            "tags": null,
            "timeouts": null
          },
          "sensitive_attributes": [],
          "identity_schema_version": 0,
          "identity": {
            "name": "vnet01",
            "resource_group_name": "dolly-rg",
            "subscription_id": "8a96a49d-4d28-400c-8a20-d67096e4748a"
          },
          "private": "eyJlMmJmYjczMC1lY2FhLTExZTYtOGY4OC0zNDM2M2JjN2M0YzAiOnsiY3JlYXRlIjoxODAwMDAwMDAwMDAwLCJkZWxldGUiOjE4MDAwMDAwMDAwMDAsInJlYWQiOjMwMDAwMDAwMDAwMCwidXBkYXRlIjoxODAwMDAwMDAwMDAwfX0=",
          "dependencies": [
            "module.azurerm_resource_group.azurerm_resource_group.rg"
          ]
        }
      ]
    }
  ],
  "check_results": null
}
